
Microsoft Visual Studio Solution File, Format Version 12.00
# Visual Studio Version 17
VisualStudioVersion = 17.9.34622.214
MinimumVisualStudioVersion = 10.0.40219.1
Project("{FAE04EC0-301F-11D3-BF4B-00C04F79EFBC}") = "TesteTarget2024", "TesteTarget2024\TesteTarget2024.csproj", "{CDD38E7F-74D6-4C1B-B183-F38CA2D3B8EE}"
EndProject
Global
	GlobalSection(SolutionConfigurationPlatforms) = preSolution
		Debug|Any CPU = Debug|Any CPU
		Release|Any CPU = Release|Any CPU
	EndGlobalSection
	GlobalSection(ProjectConfigurationPlatforms) = postSolution
		{CDD38E7F-74D6-4C1B-B183-F38CA2D3B8EE}.Debug|Any CPU.ActiveCfg = Debug|Any CPU
		{CDD38E7F-74D6-4C1B-B183-F38CA2D3B8EE}.Debug|Any CPU.Build.0 = Debug|Any CPU
		{CDD38E7F-74D6-4C1B-B183-F38CA2D3B8EE}.Release|Any CPU.ActiveCfg = Release|Any CPU
		{CDD38E7F-74D6-4C1B-B183-F38CA2D3B8EE}.Release|Any CPU.Build.0 = Release|Any CPU
	EndGlobalSection
	GlobalSection(SolutionProperties) = preSolution
		HideSolutionNode = FALSE
	EndGlobalSection
	GlobalSection(ExtensibilityGlobals) = postSolution
		SolutionGuid = {5DA5CD53-9473-4011-B652-F6D5BF4B4693}
	EndGlobalSection
EndGlobal
